
Microsoft Visual Studio Solution File, Format Version 12.00
# Visual Studio 15
VisualStudioVersion = 15.0.28307.1022
MinimumVisualStudioVersion = 10.0.40219.1
Project("{FAE04EC0-301F-11D3-BF4B-00C04F79EFBC}") = "kutyak", "kutyak\kutyak.csproj", "{B94EBA0F-C23C-4B79-BBA7-2B5963362F49}"
EndProject
Global
	GlobalSection(SolutionConfigurationPlatforms) = preSolution
		Debug|Any CPU = Debug|Any CPU
		Release|Any CPU = Release|Any CPU
	EndGlobalSection
	GlobalSection(ProjectConfigurationPlatforms) = postSolution
		{B94EBA0F-C23C-4B79-BBA7-2B5963362F49}.Debug|Any CPU.ActiveCfg = Debug|Any CPU
		{B94EBA0F-C23C-4B79-BBA7-2B5963362F49}.Debug|Any CPU.Build.0 = Debug|Any CPU
		{B94EBA0F-C23C-4B79-BBA7-2B5963362F49}.Release|Any CPU.ActiveCfg = Release|Any CPU
		{B94EBA0F-C23C-4B79-BBA7-2B5963362F49}.Release|Any CPU.Build.0 = Release|Any CPU
	EndGlobalSection
	GlobalSection(SolutionProperties) = preSolution
		HideSolutionNode = FALSE
	EndGlobalSection
	GlobalSection(ExtensibilityGlobals) = postSolution
		SolutionGuid = {36441ACD-677A-4059-8408-CB0395946A8D}
	EndGlobalSection
EndGlobal
